// !$*UTF8*$!
{
	archiveVersion = 1;
	classes = {
	};
	objectVersion = 46;
	objects = {

/* Begin PBXBuildFile section */
		40462E0E19B349EB000CFDDE /* ArrayLexer.swift in Sources */ = {isa = PBXBuildFile; fileRef = 4029EB911960439C004ABD48 /* ArrayLexer.swift */; };
		40D20029195F451C00D8B49C /* main.swift in Sources */ = {isa = PBXBuildFile; fileRef = 40D20028195F451C00D8B49C /* main.swift */; };
		40D20030195F455C00D8B49C /* Parser.swift in Sources */ = {isa = PBXBuildFile; fileRef = 40D2002F195F455C00D8B49C /* Parser.swift */; };
/* End PBXBuildFile section */

/* Begin PBXCopyFilesBuildPhase section */
		40D20023195F451C00D8B49C /* CopyFiles */ = {
			isa = PBXCopyFilesBuildPhase;
			buildActionMask = 2147483647;
			dstPath = /usr/share/man/man1/;
			dstSubfolderSpec = 0;
			files = (
			);
			runOnlyForDeploymentPostprocessing = 1;
		};
/* End PBXCopyFilesBuildPhase section */

/* Begin PBXFileReference section */
		4029EB911960439C004ABD48 /* ArrayLexer.swift */ = {isa = PBXFileReference; fileEncoding = 4; lastKnownFileType = sourcecode.swift; path = ArrayLexer.swift; sourceTree = "<group>"; };
		40D20025195F451C00D8B49C /* ComposedParsing */ = {isa = PBXFileReference; explicitFileType = "compiled.mach-o.executable"; includeInIndex = 0; path = ComposedParsing; sourceTree = BUILT_PRODUCTS_DIR; };
		40D20028195F451C00D8B49C /* main.swift */ = {isa = PBXFileReference; lastKnownFileType = sourcecode.swift; path = main.swift; sourceTree = "<group>"; };
		40D2002F195F455C00D8B49C /* Parser.swift */ = {isa = PBXFileReference; fileEncoding = 4; lastKnownFileType = sourcecode.swift; path = Parser.swift; sourceTree = "<group>"; };
/* End PBXFileReference section */

/* Begin PBXFrameworksBuildPhase section */
		40D20022195F451C00D8B49C /* Frameworks */ = {
			isa = PBXFrameworksBuildPhase;
			buildActionMask = 2147483647;
			files = (
			);
			runOnlyForDeploymentPostprocessing = 0;
		};
/* End PBXFrameworksBuildPhase section */

/* Begin PBXGroup section */
		40D2001C195F451C00D8B49C = {
			isa = PBXGroup;
			children = (
				40D20027195F451C00D8B49C /* ComposedParsing */,
				40D20026195F451C00D8B49C /* Products */,
			);
			sourceTree = "<group>";
		};
		40D20026195F451C00D8B49C /* Products */ = {
			isa = PBXGroup;
			children = (
				40D20025195F451C00D8B49C /* ComposedParsing */,
			);
			name = Products;
			sourceTree = "<group>";
		};
		40D20027195F451C00D8B49C /* ComposedParsing */ = {
			isa = PBXGroup;
			children = (
				40D20028195F451C00D8B49C /* main.swift */,
				40D2002F195F455C00D8B49C /* Parser.swift */,
				4029EB911960439C004ABD48 /* ArrayLexer.swift */,
			);
			path = ComposedParsing;
			sourceTree = "<group>";
		};
/* End PBXGroup section */

/* Begin PBXNativeTarget section */
		40D20024195F451C00D8B49C /* ComposedParsing */ = {
			isa = PBXNativeTarget;
			buildConfigurationList = 40D2002C195F451C00D8B49C /* Build configuration list for PBXNativeTarget "ComposedParsing" */;
			buildPhases = (
				40D20021195F451C00D8B49C /* Sources */,
				40D20022195F451C00D8B49C /* Frameworks */,
				40D20023195F451C00D8B49C /* CopyFiles */,
			);
			buildRules = (
			);
			dependencies = (
			);
			name = ComposedParsing;
			productName = ComposedParsing;
			productReference = 40D20025195F451C00D8B49C /* ComposedParsing */;
			productType = "com.apple.product-type.tool";
		};
/* End PBXNativeTarget section */

/* Begin PBXProject section */
		40D2001D195F451C00D8B49C /* Project object */ = {
			isa = PBXProject;
			attributes = {
				LastSwiftMigration = 0710;
				LastSwiftUpdateCheck = 0710;
				LastUpgradeCheck = 0710;
				ORGANIZATIONNAME = "Ulrich Singer";
				TargetAttributes = {
					40D20024195F451C00D8B49C = {
						CreatedOnToolsVersion = 6.0;
					};
				};
			};
			buildConfigurationList = 40D20020195F451C00D8B49C /* Build configuration list for PBXProject "ComposedParsing" */;
			compatibilityVersion = "Xcode 3.2";
			developmentRegion = English;
			hasScannedForEncodings = 0;
			knownRegions = (
				en,
			);
			mainGroup = 40D2001C195F451C00D8B49C;
			productRefGroup = 40D20026195F451C00D8B49C /* Products */;
			projectDirPath = "";
			projectRoot = "";
			targets = (
				40D20024195F451C00D8B49C /* ComposedParsing */,
			);
		};
/* End PBXProject section */

/* Begin PBXSourcesBuildPhase section */
		40D20021195F451C00D8B49C /* Sources */ = {
			isa = PBXSourcesBuildPhase;
			buildActionMask = 2147483647;
			files = (
				40D20030195F455C00D8B49C /* Parser.swift in Sources */,
				40462E0E19B349EB000CFDDE /* ArrayLexer.swift in Sources */,
				40D20029195F451C00D8B49C /* main.swift in Sources */,
			);
			runOnlyForDeploymentPostprocessing = 0;
		};
/* End PBXSourcesBuildPhase section */

/* Begin XCBuildConfiguration section */
		40D2002A195F451C00D8B49C /* Debug */ = {
			isa = XCBuildConfiguration;
			buildSettings = {
				ALWAYS_SEARCH_USER_PATHS = NO;
				CLANG_CXX_LANGUAGE_STANDARD = "gnu++0x";
				CLANG_CXX_LIBRARY = "libc++";
				CLANG_ENABLE_MODULES = YES;
				CLANG_ENABLE_OBJC_ARC = YES;
				CLANG_WARN_BOOL_CONVERSION = YES;
				CLANG_WARN_CONSTANT_CONVERSION = YES;
				CLANG_WARN_DIRECT_OBJC_ISA_USAGE = YES_ERROR;
				CLANG_WARN_EMPTY_BODY = YES;
				CLANG_WARN_ENUM_CONVERSION = YES;
				CLANG_WARN_INT_CONVERSION = YES;
				CLANG_WARN_OBJC_ROOT_CLASS = YES_ERROR;
				CLANG_WARN_UNREACHABLE_CODE = YES;
				CLANG_WARN__DUPLICATE_METHOD_MATCH = YES;
				COPY_PHASE_STRIP = NO;
				ENABLE_STRICT_OBJC_MSGSEND = YES;
				ENABLE_TESTABILITY = YES;
				GCC_C_LANGUAGE_STANDARD = gnu99;
				GCC_DYNAMIC_NO_PIC = NO;
				GCC_OPTIMIZATION_LEVEL = 0;
				GCC_PREPROCESSOR_DEFINITIONS = (
					"DEBUG=1",
					"$(inherited)",
				);
				GCC_SYMBOLS_PRIVATE_EXTERN = NO;
				GCC_WARN_64_TO_32_BIT_CONVERSION = YES;
				GCC_WARN_ABOUT_RETURN_TYPE = YES_ERROR;
				GCC_WARN_UNDECLARED_SELECTOR = YES;
				GCC_WARN_UNINITIALIZED_AUTOS = YES_AGGRESSIVE;
				GCC_WARN_UNUSED_FUNCTION = YES;
				GCC_WARN_UNUSED_VARIABLE = YES;
				MACOSX_DEPLOYMENT_TARGET = 10.9;
				METAL_ENABLE_DEBUG_INFO = YES;
				ONLY_ACTIVE_ARCH = YES;
				SDKROOT = macosx;
				SWIFT_OPTIMIZATION_LEVEL = "-Onone";
			};
			name = Debug;
		};
		40D2002B195F451C00D8B49C /* Release */ = {
			isa = XCBuildConfiguration;
			buildSettings = {
				ALWAYS_SEARCH_USER_PATHS = NO;
				CLANG_CXX_LANGUAGE_STANDARD = "gnu++0x";
				CLANG_CXX_LIBRARY = "libc++";
				CLANG_ENABLE_MODULES = YES;
				CLANG_ENABLE_OBJC_ARC = YES;
				CLANG_WARN_BOOL_CONVERSION = YES;
				CLANG_WARN_CONSTANT_CONVERSION = YES;
				CLANG_WARN_DIRECT_OBJC_ISA_USAGE = YES_ERROR;
				CLANG_WARN_EMPTY_BODY = YES;
				CLANG_WARN_ENUM_CONVERSION = YES;
				CLANG_WARN_INT_CONVERSION = YES;
				CLANG_WARN_OBJC_ROOT_CLASS = YES_ERROR;
				CLANG_WARN_UNREACHABLE_CODE = YES;
				CLANG_WARN__DUPLICATE_METHOD_MATCH = YES;
				COPY_PHASE_STRIP = YES;
				DEBUG_INFORMATION_FORMAT = "dwarf-with-dsym";
				ENABLE_NS_ASSERTIONS = NO;
				ENABLE_STRICT_OBJC_MSGSEND = YES;
				GCC_C_LANGUAGE_STANDARD = gnu99;
				GCC_OPTIMIZATION_LEVEL = s;
				GCC_WARN_64_TO_32_BIT_CONVERSION = YES;
				GCC_WARN_ABOUT_RETURN_TYPE = YES_ERROR;
				GCC_WARN_UNDECLARED_SELECTOR = YES;
				GCC_WARN_UNINITIALIZED_AUTOS = YES_AGGRESSIVE;
				GCC_WARN_UNUSED_FUNCTION = YES;
				GCC_WARN_UNUSED_VARIABLE = YES;
				MACOSX_DEPLOYMENT_TARGET = 10.9;
				METAL_ENABLE_DEBUG_INFO = NO;
				SDKROOT = macosx;
			};
			name = Release;
		};
		40D2002D195F451C00D8B49C /* Debug */ = {
			isa = XCBuildConfiguration;
			buildSettings = {
				PRODUCT_NAME = "$(TARGET_NAME)";
			};
			name = Debug;
		};
		40D2002E195F451C00D8B49C /* Release */ = {
			isa = XCBuildConfiguration;
			buildSettings = {
				PRODUCT_NAME = "$(TARGET_NAME)";
			};
			name = Release;
		};
/* End XCBuildConfiguration section */

/* Begin XCConfigurationList section */
		40D20020195F451C00D8B49C /* Build configuration list for PBXProject "ComposedParsing" */ = {
			isa = XCConfigurationList;
			buildConfigurations = (
				40D2002A195F451C00D8B49C /* Debug */,
				40D2002B195F451C00D8B49C /* Release */,
			);
			defaultConfigurationIsVisible = 0;
			defaultConfigurationName = Release;
		};
		40D2002C195F451C00D8B49C /* Build configuration list for PBXNativeTarget "ComposedParsing" */ = {
			isa = XCConfigurationList;
			buildConfigurations = (
				40D2002D195F451C00D8B49C /* Debug */,
				40D2002E195F451C00D8B49C /* Release */,
			);
			defaultConfigurationIsVisible = 0;
			defaultConfigurationName = Release;
		};
/* End XCConfigurationList section */
	};
	rootObject = 40D2001D195F451C00D8B49C /* Project object */;
}
